// !$*UTF8*$!
{
	archiveVersion = 1;
	classes = {
	};
	objectVersion = 56;
	objects = {

/* Begin PBXBuildFile section */
		01A83FCC29A59BB3009BF6BB /* MainMapView.swift in Sources */ = {isa = PBXBuildFile; fileRef = 01A83FCB29A59BB3009BF6BB /* MainMapView.swift */; };
		01A83FCF29A5F0D3009BF6BB /* MiniProductButtonView.swift in Sources */ = {isa = PBXBuildFile; fileRef = 01A83FCE29A5F0D3009BF6BB /* MiniProductButtonView.swift */; };
		01A83FD229A5F3E2009BF6BB /* Color+Ext.swift in Sources */ = {isa = PBXBuildFile; fileRef = 01A83FD129A5F3E2009BF6BB /* Color+Ext.swift */; };
		01A83FD429A5F811009BF6BB /* ShalatReminderBadges.swift in Sources */ = {isa = PBXBuildFile; fileRef = 01A83FD329A5F811009BF6BB /* ShalatReminderBadges.swift */; };
		01A83FD829A617F6009BF6BB /* AppState.swift in Sources */ = {isa = PBXBuildFile; fileRef = 01A83FD729A617F6009BF6BB /* AppState.swift */; };
		01A83FDB29A61EA9009BF6BB /* LocationManager.swift in Sources */ = {isa = PBXBuildFile; fileRef = 01A83FDA29A61EA9009BF6BB /* LocationManager.swift */; };
		01F30BC129A676F00049A728 /* UserLocationModel.swift in Sources */ = {isa = PBXBuildFile; fileRef = 01F30BC029A676F00049A728 /* UserLocationModel.swift */; };
		01F30BC329A6807F0049A728 /* MKCoordinateRegion+Ext.swift in Sources */ = {isa = PBXBuildFile; fileRef = 01F30BC229A6807F0049A728 /* MKCoordinateRegion+Ext.swift */; };
		01F9A9B129A1FA8200D7B59B /* SafarKitApp.swift in Sources */ = {isa = PBXBuildFile; fileRef = 01F9A9B029A1FA8200D7B59B /* SafarKitApp.swift */; };
		01F9A9B329A1FA8200D7B59B /* ContentView.swift in Sources */ = {isa = PBXBuildFile; fileRef = 01F9A9B229A1FA8200D7B59B /* ContentView.swift */; };
		01F9A9B529A1FA8300D7B59B /* Assets.xcassets in Resources */ = {isa = PBXBuildFile; fileRef = 01F9A9B429A1FA8300D7B59B /* Assets.xcassets */; };
		01F9A9B829A1FA8300D7B59B /* Preview Assets.xcassets in Resources */ = {isa = PBXBuildFile; fileRef = 01F9A9B729A1FA8300D7B59B /* Preview Assets.xcassets */; };
		01F9A9C029A1FD1400D7B59B /* Splashscreen.swift in Sources */ = {isa = PBXBuildFile; fileRef = 01F9A9BF29A1FD1400D7B59B /* Splashscreen.swift */; };
		01F9A9C229A1FE5700D7B59B /* ExploreView.swift in Sources */ = {isa = PBXBuildFile; fileRef = 01F9A9C129A1FE5700D7B59B /* ExploreView.swift */; };
/* End PBXBuildFile section */

/* Begin PBXFileReference section */
		01A83FCB29A59BB3009BF6BB /* MainMapView.swift */ = {isa = PBXFileReference; lastKnownFileType = sourcecode.swift; path = MainMapView.swift; sourceTree = "<group>"; };
		01A83FCE29A5F0D3009BF6BB /* MiniProductButtonView.swift */ = {isa = PBXFileReference; lastKnownFileType = sourcecode.swift; path = MiniProductButtonView.swift; sourceTree = "<group>"; };
		01A83FD129A5F3E2009BF6BB /* Color+Ext.swift */ = {isa = PBXFileReference; lastKnownFileType = sourcecode.swift; path = "Color+Ext.swift"; sourceTree = "<group>"; };
		01A83FD329A5F811009BF6BB /* ShalatReminderBadges.swift */ = {isa = PBXFileReference; lastKnownFileType = sourcecode.swift; path = ShalatReminderBadges.swift; sourceTree = "<group>"; };
		01A83FD729A617F6009BF6BB /* AppState.swift */ = {isa = PBXFileReference; lastKnownFileType = sourcecode.swift; path = AppState.swift; sourceTree = "<group>"; };
		01A83FDA29A61EA9009BF6BB /* LocationManager.swift */ = {isa = PBXFileReference; lastKnownFileType = sourcecode.swift; path = LocationManager.swift; sourceTree = "<group>"; };
		01F30BC029A676F00049A728 /* UserLocationModel.swift */ = {isa = PBXFileReference; lastKnownFileType = sourcecode.swift; path = UserLocationModel.swift; sourceTree = "<group>"; };
		01F30BC229A6807F0049A728 /* MKCoordinateRegion+Ext.swift */ = {isa = PBXFileReference; lastKnownFileType = sourcecode.swift; path = "MKCoordinateRegion+Ext.swift"; sourceTree = "<group>"; };
		01F9A9AD29A1FA8200D7B59B /* SafarKit.app */ = {isa = PBXFileReference; explicitFileType = wrapper.application; includeInIndex = 0; path = SafarKit.app; sourceTree = BUILT_PRODUCTS_DIR; };
		01F9A9B029A1FA8200D7B59B /* SafarKitApp.swift */ = {isa = PBXFileReference; lastKnownFileType = sourcecode.swift; path = SafarKitApp.swift; sourceTree = "<group>"; };
		01F9A9B229A1FA8200D7B59B /* ContentView.swift */ = {isa = PBXFileReference; lastKnownFileType = sourcecode.swift; path = ContentView.swift; sourceTree = "<group>"; };
		01F9A9B429A1FA8300D7B59B /* Assets.xcassets */ = {isa = PBXFileReference; lastKnownFileType = folder.assetcatalog; path = Assets.xcassets; sourceTree = "<group>"; };
		01F9A9B729A1FA8300D7B59B /* Preview Assets.xcassets */ = {isa = PBXFileReference; lastKnownFileType = folder.assetcatalog; path = "Preview Assets.xcassets"; sourceTree = "<group>"; };
		01F9A9BF29A1FD1400D7B59B /* Splashscreen.swift */ = {isa = PBXFileReference; lastKnownFileType = sourcecode.swift; path = Splashscreen.swift; sourceTree = "<group>"; };
		01F9A9C129A1FE5700D7B59B /* ExploreView.swift */ = {isa = PBXFileReference; lastKnownFileType = sourcecode.swift; path = ExploreView.swift; sourceTree = "<group>"; };
/* End PBXFileReference section */

/* Begin PBXFrameworksBuildPhase section */
		01F9A9AA29A1FA8200D7B59B /* Frameworks */ = {
			isa = PBXFrameworksBuildPhase;
			buildActionMask = 2147483647;
			files = (
			);
			runOnlyForDeploymentPostprocessing = 0;
		};
/* End PBXFrameworksBuildPhase section */

/* Begin PBXGroup section */
		01A83FCD29A5F0B8009BF6BB /* Components */ = {
			isa = PBXGroup;
			children = (
				01A83FCB29A59BB3009BF6BB /* MainMapView.swift */,
				01A83FCE29A5F0D3009BF6BB /* MiniProductButtonView.swift */,
				01A83FD329A5F811009BF6BB /* ShalatReminderBadges.swift */,
			);
			path = Components;
			sourceTree = "<group>";
		};
		01A83FD029A5F3CA009BF6BB /* Extension */ = {
			isa = PBXGroup;
			children = (
				01A83FD129A5F3E2009BF6BB /* Color+Ext.swift */,
				01F30BC229A6807F0049A728 /* MKCoordinateRegion+Ext.swift */,
			);
			path = Extension;
			sourceTree = "<group>";
		};
		01A83FD529A617CF009BF6BB /* Common */ = {
			isa = PBXGroup;
			children = (
				01A83FD929A61E9E009BF6BB /* Utils */,
				01A83FD029A5F3CA009BF6BB /* Extension */,
				01A83FD629A617E4009BF6BB /* Interface */,
			);
			path = Common;
			sourceTree = "<group>";
		};
		01A83FD629A617E4009BF6BB /* Interface */ = {
			isa = PBXGroup;
			children = (
				01A83FD729A617F6009BF6BB /* AppState.swift */,
			);
			path = Interface;
			sourceTree = "<group>";
		};
		01A83FD929A61E9E009BF6BB /* Utils */ = {
			isa = PBXGroup;
			children = (
				01A83FDA29A61EA9009BF6BB /* LocationManager.swift */,
			);
			path = Utils;
			sourceTree = "<group>";
		};
		01F30BBB29A676970049A728 /* Module */ = {
			isa = PBXGroup;
			children = (
				01F30BBF29A676D80049A728 /* Splashscreen */,
				01F30BBE29A676BE0049A728 /* Explore */,
			);
			path = Module;
			sourceTree = "<group>";
		};
		01F30BBD29A676B80049A728 /* Interface */ = {
			isa = PBXGroup;
			children = (
				01F30BC029A676F00049A728 /* UserLocationModel.swift */,
			);
			path = Interface;
			sourceTree = "<group>";
		};
		01F30BBE29A676BE0049A728 /* Explore */ = {
			isa = PBXGroup;
			children = (
				01F9A9BE29A1FD0000D7B59B /* UI */,
				01F30BBD29A676B80049A728 /* Interface */,
			);
			path = Explore;
			sourceTree = "<group>";
		};
		01F30BBF29A676D80049A728 /* Splashscreen */ = {
			isa = PBXGroup;
			children = (
				01F9A9BF29A1FD1400D7B59B /* Splashscreen.swift */,
			);
			path = Splashscreen;
			sourceTree = "<group>";
		};
		01F9A9A429A1FA8200D7B59B = {
			isa = PBXGroup;
			children = (
				01F9A9AF29A1FA8200D7B59B /* SafarKit */,
				01F9A9AE29A1FA8200D7B59B /* Products */,
			);
			sourceTree = "<group>";
		};
		01F9A9AE29A1FA8200D7B59B /* Products */ = {
			isa = PBXGroup;
			children = (
				01F9A9AD29A1FA8200D7B59B /* SafarKit.app */,
			);
			name = Products;
			sourceTree = "<group>";
		};
		01F9A9AF29A1FA8200D7B59B /* SafarKit */ = {
			isa = PBXGroup;
			children = (
				01F30BBB29A676970049A728 /* Module */,
				01A83FD529A617CF009BF6BB /* Common */,
				01F9A9B029A1FA8200D7B59B /* SafarKitApp.swift */,
				01F9A9B229A1FA8200D7B59B /* ContentView.swift */,
				01F9A9B429A1FA8300D7B59B /* Assets.xcassets */,
				01F9A9B629A1FA8300D7B59B /* Preview Content */,
			);
			path = SafarKit;
			sourceTree = "<group>";
		};
		01F9A9B629A1FA8300D7B59B /* Preview Content */ = {
			isa = PBXGroup;
			children = (
				01F9A9B729A1FA8300D7B59B /* Preview Assets.xcassets */,
			);
			path = "Preview Content";
			sourceTree = "<group>";
		};
		01F9A9BE29A1FD0000D7B59B /* UI */ = {
			isa = PBXGroup;
			children = (
				01A83FCD29A5F0B8009BF6BB /* Components */,
				01F9A9C129A1FE5700D7B59B /* ExploreView.swift */,
			);
			path = UI;
			sourceTree = "<group>";
		};
/* End PBXGroup section */

/* Begin PBXNativeTarget section */
		01F9A9AC29A1FA8200D7B59B /* SafarKit */ = {
			isa = PBXNativeTarget;
			buildConfigurationList = 01F9A9BB29A1FA8300D7B59B /* Build configuration list for PBXNativeTarget "SafarKit" */;
			buildPhases = (
				01F9A9A929A1FA8200D7B59B /* Sources */,
				01F9A9AA29A1FA8200D7B59B /* Frameworks */,
				01F9A9AB29A1FA8200D7B59B /* Resources */,
			);
			buildRules = (
			);
			dependencies = (
			);
			name = SafarKit;
			productName = SafarKit;
			productReference = 01F9A9AD29A1FA8200D7B59B /* SafarKit.app */;
			productType = "com.apple.product-type.application";
		};
/* End PBXNativeTarget section */

/* Begin PBXProject section */
		01F9A9A529A1FA8200D7B59B /* Project object */ = {
			isa = PBXProject;
			attributes = {
				BuildIndependentTargetsInParallel = 1;
				LastSwiftUpdateCheck = 1400;
				LastUpgradeCheck = 1400;
				TargetAttributes = {
					01F9A9AC29A1FA8200D7B59B = {
						CreatedOnToolsVersion = 14.0.1;
					};
				};
			};
			buildConfigurationList = 01F9A9A829A1FA8200D7B59B /* Build configuration list for PBXProject "SafarKit" */;
			compatibilityVersion = "Xcode 14.0";
			developmentRegion = en;
			hasScannedForEncodings = 0;
			knownRegions = (
				en,
				Base,
			);
			mainGroup = 01F9A9A429A1FA8200D7B59B;
			productRefGroup = 01F9A9AE29A1FA8200D7B59B /* Products */;
			projectDirPath = "";
			projectRoot = "";
			targets = (
				01F9A9AC29A1FA8200D7B59B /* SafarKit */,
			);
		};
/* End PBXProject section */

/* Begin PBXResourcesBuildPhase section */
		01F9A9AB29A1FA8200D7B59B /* Resources */ = {
			isa = PBXResourcesBuildPhase;
			buildActionMask = 2147483647;
			files = (
				01F9A9B829A1FA8300D7B59B /* Preview Assets.xcassets in Resources */,
				01F9A9B529A1FA8300D7B59B /* Assets.xcassets in Resources */,
			);
			runOnlyForDeploymentPostprocessing = 0;
		};
/* End PBXResourcesBuildPhase section */

/* Begin PBXSourcesBuildPhase section */
		01F9A9A929A1FA8200D7B59B /* Sources */ = {
			isa = PBXSourcesBuildPhase;
			buildActionMask = 2147483647;
			files = (
				01A83FCC29A59BB3009BF6BB /* MainMapView.swift in Sources */,
				01A83FCF29A5F0D3009BF6BB /* MiniProductButtonView.swift in Sources */,
				01F9A9B329A1FA8200D7B59B /* ContentView.swift in Sources */,
				01A83FD829A617F6009BF6BB /* AppState.swift in Sources */,
				01F9A9C029A1FD1400D7B59B /* Splashscreen.swift in Sources */,
				01A83FDB29A61EA9009BF6BB /* LocationManager.swift in Sources */,
				01A83FD229A5F3E2009BF6BB /* Color+Ext.swift in Sources */,
				01F9A9C229A1FE5700D7B59B /* ExploreView.swift in Sources */,
				01A83FD429A5F811009BF6BB /* ShalatReminderBadges.swift in Sources */,
				01F30BC329A6807F0049A728 /* MKCoordinateRegion+Ext.swift in Sources */,
				01F30BC129A676F00049A728 /* UserLocationModel.swift in Sources */,
				01F9A9B129A1FA8200D7B59B /* SafarKitApp.swift in Sources */,
			);
			runOnlyForDeploymentPostprocessing = 0;
		};
/* End PBXSourcesBuildPhase section */

/* Begin XCBuildConfiguration section */
		01F9A9B929A1FA8300D7B59B /* Debug */ = {
			isa = XCBuildConfiguration;
			buildSettings = {
				ALWAYS_SEARCH_USER_PATHS = NO;
				CLANG_ANALYZER_NONNULL = YES;
				CLANG_ANALYZER_NUMBER_OBJECT_CONVERSION = YES_AGGRESSIVE;
				CLANG_CXX_LANGUAGE_STANDARD = "gnu++20";
				CLANG_ENABLE_MODULES = YES;
				CLANG_ENABLE_OBJC_ARC = YES;
				CLANG_ENABLE_OBJC_WEAK = YES;
				CLANG_WARN_BLOCK_CAPTURE_AUTORELEASING = YES;
				CLANG_WARN_BOOL_CONVERSION = YES;
				CLANG_WARN_COMMA = YES;
				CLANG_WARN_CONSTANT_CONVERSION = YES;
				CLANG_WARN_DEPRECATED_OBJC_IMPLEMENTATIONS = YES;
				CLANG_WARN_DIRECT_OBJC_ISA_USAGE = YES_ERROR;
				CLANG_WARN_DOCUMENTATION_COMMENTS = YES;
				CLANG_WARN_EMPTY_BODY = YES;
				CLANG_WARN_ENUM_CONVERSION = YES;
				CLANG_WARN_INFINITE_RECURSION = YES;
				CLANG_WARN_INT_CONVERSION = YES;
				CLANG_WARN_NON_LITERAL_NULL_CONVERSION = YES;
				CLANG_WARN_OBJC_IMPLICIT_RETAIN_SELF = YES;
				CLANG_WARN_OBJC_LITERAL_CONVERSION = YES;
				CLANG_WARN_OBJC_ROOT_CLASS = YES_ERROR;
				CLANG_WARN_QUOTED_INCLUDE_IN_FRAMEWORK_HEADER = YES;
				CLANG_WARN_RANGE_LOOP_ANALYSIS = YES;
				CLANG_WARN_STRICT_PROTOTYPES = YES;
				CLANG_WARN_SUSPICIOUS_MOVE = YES;
				CLANG_WARN_UNGUARDED_AVAILABILITY = YES_AGGRESSIVE;
				CLANG_WARN_UNREACHABLE_CODE = YES;
				CLANG_WARN__DUPLICATE_METHOD_MATCH = YES;
				COPY_PHASE_STRIP = NO;
				DEBUG_INFORMATION_FORMAT = dwarf;
				ENABLE_STRICT_OBJC_MSGSEND = YES;
				ENABLE_TESTABILITY = YES;
				GCC_C_LANGUAGE_STANDARD = gnu11;
				GCC_DYNAMIC_NO_PIC = NO;
				GCC_NO_COMMON_BLOCKS = YES;
				GCC_OPTIMIZATION_LEVEL = 0;
				GCC_PREPROCESSOR_DEFINITIONS = (
					"DEBUG=1",
					"$(inherited)",
				);
				GCC_WARN_64_TO_32_BIT_CONVERSION = YES;
				GCC_WARN_ABOUT_RETURN_TYPE = YES_ERROR;
				GCC_WARN_UNDECLARED_SELECTOR = YES;
				GCC_WARN_UNINITIALIZED_AUTOS = YES_AGGRESSIVE;
				GCC_WARN_UNUSED_FUNCTION = YES;
				GCC_WARN_UNUSED_VARIABLE = YES;
				IPHONEOS_DEPLOYMENT_TARGET = 16.0;
				MTL_ENABLE_DEBUG_INFO = INCLUDE_SOURCE;
				MTL_FAST_MATH = YES;
				ONLY_ACTIVE_ARCH = YES;
				SDKROOT = iphoneos;
				SWIFT_ACTIVE_COMPILATION_CONDITIONS = DEBUG;
				SWIFT_OPTIMIZATION_LEVEL = "-Onone";
			};
			name = Debug;
		};
		01F9A9BA29A1FA8300D7B59B /* Release */ = {
			isa = XCBuildConfiguration;
			buildSettings = {
				ALWAYS_SEARCH_USER_PATHS = NO;
				CLANG_ANALYZER_NONNULL = YES;
				CLANG_ANALYZER_NUMBER_OBJECT_CONVERSION = YES_AGGRESSIVE;
				CLANG_CXX_LANGUAGE_STANDARD = "gnu++20";
				CLANG_ENABLE_MODULES = YES;
				CLANG_ENABLE_OBJC_ARC = YES;
				CLANG_ENABLE_OBJC_WEAK = YES;
				CLANG_WARN_BLOCK_CAPTURE_AUTORELEASING = YES;
				CLANG_WARN_BOOL_CONVERSION = YES;
				CLANG_WARN_COMMA = YES;
				CLANG_WARN_CONSTANT_CONVERSION = YES;
				CLANG_WARN_DEPRECATED_OBJC_IMPLEMENTATIONS = YES;
				CLANG_WARN_DIRECT_OBJC_ISA_USAGE = YES_ERROR;
				CLANG_WARN_DOCUMENTATION_COMMENTS = YES;
				CLANG_WARN_EMPTY_BODY = YES;
				CLANG_WARN_ENUM_CONVERSION = YES;
				CLANG_WARN_INFINITE_RECURSION = YES;
				CLANG_WARN_INT_CONVERSION = YES;
				CLANG_WARN_NON_LITERAL_NULL_CONVERSION = YES;
				CLANG_WARN_OBJC_IMPLICIT_RETAIN_SELF = YES;
				CLANG_WARN_OBJC_LITERAL_CONVERSION = YES;
				CLANG_WARN_OBJC_ROOT_CLASS = YES_ERROR;
				CLANG_WARN_QUOTED_INCLUDE_IN_FRAMEWORK_HEADER = YES;
				CLANG_WARN_RANGE_LOOP_ANALYSIS = YES;
				CLANG_WARN_STRICT_PROTOTYPES = YES;
				CLANG_WARN_SUSPICIOUS_MOVE = YES;
				CLANG_WARN_UNGUARDED_AVAILABILITY = YES_AGGRESSIVE;
				CLANG_WARN_UNREACHABLE_CODE = YES;
				CLANG_WARN__DUPLICATE_METHOD_MATCH = YES;
				COPY_PHASE_STRIP = NO;
				DEBUG_INFORMATION_FORMAT = "dwarf-with-dsym";
				ENABLE_NS_ASSERTIONS = NO;
				ENABLE_STRICT_OBJC_MSGSEND = YES;
				GCC_C_LANGUAGE_STANDARD = gnu11;
				GCC_NO_COMMON_BLOCKS = YES;
				GCC_WARN_64_TO_32_BIT_CONVERSION = YES;
				GCC_WARN_ABOUT_RETURN_TYPE = YES_ERROR;
				GCC_WARN_UNDECLARED_SELECTOR = YES;
				GCC_WARN_UNINITIALIZED_AUTOS = YES_AGGRESSIVE;
				GCC_WARN_UNUSED_FUNCTION = YES;
				GCC_WARN_UNUSED_VARIABLE = YES;
				IPHONEOS_DEPLOYMENT_TARGET = 16.0;
				MTL_ENABLE_DEBUG_INFO = NO;
				MTL_FAST_MATH = YES;
				SDKROOT = iphoneos;
				SWIFT_COMPILATION_MODE = wholemodule;
				SWIFT_OPTIMIZATION_LEVEL = "-O";
				VALIDATE_PRODUCT = YES;
			};
			name = Release;
		};
		01F9A9BC29A1FA8300D7B59B /* Debug */ = {
			isa = XCBuildConfiguration;
			buildSettings = {
				ASSETCATALOG_COMPILER_APPICON_NAME = AppIcon;
				ASSETCATALOG_COMPILER_GLOBAL_ACCENT_COLOR_NAME = AccentColor;
				CODE_SIGN_STYLE = Automatic;
				CURRENT_PROJECT_VERSION = 1;
				DEVELOPMENT_ASSET_PATHS = "\"SafarKit/Preview Content\"";
				DEVELOPMENT_TEAM = CVSRYHR3VR;
				ENABLE_PREVIEWS = YES;
				GENERATE_INFOPLIST_FILE = YES;
				INFOPLIST_KEY_NSLocationAlwaysAndWhenInUseUsageDescription = "Use the location to improve user experience";
				INFOPLIST_KEY_NSLocationAlwaysUsageDescription = "Use the location to improve user experience";
				INFOPLIST_KEY_NSLocationWhenInUseUsageDescription = "Use the location to improve user experience";
				INFOPLIST_KEY_UIApplicationSceneManifest_Generation = YES;
				INFOPLIST_KEY_UIApplicationSupportsIndirectInputEvents = YES;
				INFOPLIST_KEY_UILaunchScreen_Generation = YES;
				INFOPLIST_KEY_UISupportedInterfaceOrientations_iPad = "UIInterfaceOrientationPortrait UIInterfaceOrientationPortraitUpsideDown UIInterfaceOrientationLandscapeLeft UIInterfaceOrientationLandscapeRight";
				INFOPLIST_KEY_UISupportedInterfaceOrientations_iPhone = "UIInterfaceOrientationPortrait UIInterfaceOrientationLandscapeLeft UIInterfaceOrientationLandscapeRight";
				LD_RUNPATH_SEARCH_PATHS = (
					"$(inherited)",
					"@executable_path/Frameworks",
				);
				MARKETING_VERSION = 1.0;
				PRODUCT_BUNDLE_IDENTIFIER = nooglersoon.id.SafarKit;
				PRODUCT_NAME = "$(TARGET_NAME)";
				SWIFT_EMIT_LOC_STRINGS = YES;
				SWIFT_VERSION = 5.0;
				TARGETED_DEVICE_FAMILY = "1,2";
			};
			name = Debug;
		};
		01F9A9BD29A1FA8300D7B59B /* Release */ = {
			isa = XCBuildConfiguration;
			buildSettings = {
				ASSETCATALOG_COMPILER_APPICON_NAME = AppIcon;
				ASSETCATALOG_COMPILER_GLOBAL_ACCENT_COLOR_NAME = AccentColor;
				CODE_SIGN_STYLE = Automatic;
				CURRENT_PROJECT_VERSION = 1;
				DEVELOPMENT_ASSET_PATHS = "\"SafarKit/Preview Content\"";
				DEVELOPMENT_TEAM = CVSRYHR3VR;
				ENABLE_PREVIEWS = YES;
				GENERATE_INFOPLIST_FILE = YES;
				INFOPLIST_KEY_NSLocationAlwaysAndWhenInUseUsageDescription = "Use the location to improve user experience";
				INFOPLIST_KEY_NSLocationAlwaysUsageDescription = "Use the location to improve user experience";
				INFOPLIST_KEY_NSLocationWhenInUseUsageDescription = "Use the location to improve user experience";
				INFOPLIST_KEY_UIApplicationSceneManifest_Generation = YES;
				INFOPLIST_KEY_UIApplicationSupportsIndirectInputEvents = YES;
				INFOPLIST_KEY_UILaunchScreen_Generation = YES;
				INFOPLIST_KEY_UISupportedInterfaceOrientations_iPad = "UIInterfaceOrientationPortrait UIInterfaceOrientationPortraitUpsideDown UIInterfaceOrientationLandscapeLeft UIInterfaceOrientationLandscapeRight";
				INFOPLIST_KEY_UISupportedInterfaceOrientations_iPhone = "UIInterfaceOrientationPortrait UIInterfaceOrientationLandscapeLeft UIInterfaceOrientationLandscapeRight";
				LD_RUNPATH_SEARCH_PATHS = (
					"$(inherited)",
					"@executable_path/Frameworks",
				);
				MARKETING_VERSION = 1.0;
				PRODUCT_BUNDLE_IDENTIFIER = nooglersoon.id.SafarKit;
				PRODUCT_NAME = "$(TARGET_NAME)";
				SWIFT_EMIT_LOC_STRINGS = YES;
				SWIFT_VERSION = 5.0;
				TARGETED_DEVICE_FAMILY = "1,2";
			};
			name = Release;
		};
/* End XCBuildConfiguration section */

/* Begin XCConfigurationList section */
		01F9A9A829A1FA8200D7B59B /* Build configuration list for PBXProject "SafarKit" */ = {
			isa = XCConfigurationList;
			buildConfigurations = (
				01F9A9B929A1FA8300D7B59B /* Debug */,
				01F9A9BA29A1FA8300D7B59B /* Release */,
			);
			defaultConfigurationIsVisible = 0;
			defaultConfigurationName = Release;
		};
		01F9A9BB29A1FA8300D7B59B /* Build configuration list for PBXNativeTarget "SafarKit" */ = {
			isa = XCConfigurationList;
			buildConfigurations = (
				01F9A9BC29A1FA8300D7B59B /* Debug */,
				01F9A9BD29A1FA8300D7B59B /* Release */,
			);
			defaultConfigurationIsVisible = 0;
			defaultConfigurationName = Release;
		};
/* End XCConfigurationList section */
	};
	rootObject = 01F9A9A529A1FA8200D7B59B /* Project object */;
}
